
Microsoft Visual Studio Solution File, Format Version 12.00
# Visual Studio Version 17
VisualStudioVersion = 17.0.31903.59
MinimumVisualStudioVersion = 10.0.40219.1
Project("{2150E333-8FDC-42A3-9474-1A3956D46DE8}") = "Lab1", "Lab1", "{4B15056B-673A-4B77-8EB4-2E8180DDC031}"
EndProject
Project("{FAE04EC0-301F-11D3-BF4B-00C04F79EFBC}") = "App", "Lab1\App\App.csproj", "{E961F444-1F9B-4C4F-A618-671E9DA0CDF6}"
EndProject
Project("{FAE04EC0-301F-11D3-BF4B-00C04F79EFBC}") = "Tests", "Lab1\Tests\Tests.csproj", "{A0C91EDE-D0A5-4F1E-96C6-7044BF12FF5D}"
EndProject
Project("{2150E333-8FDC-42A3-9474-1A3956D46DE8}") = "Lab2", "Lab2", "{15A123AE-E149-4EED-83ED-FAF31E9A7C57}"
EndProject
Project("{FAE04EC0-301F-11D3-BF4B-00C04F79EFBC}") = "App", "Lab2\App\App.csproj", "{BB515146-6B05-44AE-8414-0E698EBAC8CD}"
EndProject
Project("{FAE04EC0-301F-11D3-BF4B-00C04F79EFBC}") = "Tests", "Lab2\Tests\Tests.csproj", "{75FE8C02-3DAE-41A6-A7B4-2E17F94C1A72}"
EndProject
Project("{2150E333-8FDC-42A3-9474-1A3956D46DE8}") = "Lab3", "Lab3", "{5D53F239-9BD4-4DEE-A625-108EDB71360A}"
EndProject
Project("{FAE04EC0-301F-11D3-BF4B-00C04F79EFBC}") = "App", "Lab3\App\App.csproj", "{696FAC92-9926-4886-95C2-3D5997E96201}"
EndProject
Project("{FAE04EC0-301F-11D3-BF4B-00C04F79EFBC}") = "Tests", "Lab3\Tests\Tests.csproj", "{069FAC53-EE6E-4EAC-A3AC-542DDBD31CDA}"
EndProject
Project("{2150E333-8FDC-42A3-9474-1A3956D46DE8}") = "Lab4", "Lab4", "{9819EBE4-811C-4059-9450-D96AF871352E}"
EndProject
Project("{FAE04EC0-301F-11D3-BF4B-00C04F79EFBC}") = "ClassLib", "Lab4\ClassLib\ClassLib.csproj", "{5ED6B665-5226-4C8C-A091-A3828A3F9332}"
EndProject
Project("{FAE04EC0-301F-11D3-BF4B-00C04F79EFBC}") = "Vlad_Danilchuk", "Lab4\Vlad_Danilchuk\Vlad_Danilchuk.csproj", "{27B13046-81EC-45F9-8E98-00C81123D6F0}"
EndProject
Project("{2150E333-8FDC-42A3-9474-1A3956D46DE8}") = "Lab5", "Lab5", "{020FCB84-BEE5-434E-BE70-CB26FC953167}"
EndProject
Project("{FAE04EC0-301F-11D3-BF4B-00C04F79EFBC}") = "App", "Lab5\App\App.csproj", "{A5B926D6-E840-42C0-BF31-168C1D1620B5}"
EndProject
Project("{FAE04EC0-301F-11D3-BF4B-00C04F79EFBC}") = "ClassLib", "Lab5\ClassLib\ClassLib.csproj", "{7963C2E1-266F-4D28-8B64-34A887BD0FB4}"
EndProject
Project("{2150E333-8FDC-42A3-9474-1A3956D46DE8}") = "Lab6", "Lab6", "{85998798-8224-4417-B20C-381147DCA9BA}"
EndProject
Project("{FAE04EC0-301F-11D3-BF4B-00C04F79EFBC}") = "App", "Lab6\App\App.csproj", "{AF239C81-33DE-4B17-8BA5-44390B2476F5}"
EndProject
Project("{FAE04EC0-301F-11D3-BF4B-00C04F79EFBC}") = "App.DataApi", "Lab6\App.DataApi\App.DataApi.csproj", "{6B2BB4EF-EC1B-4DEC-AA68-D811C3D81451}"
EndProject
Global
	GlobalSection(SolutionConfigurationPlatforms) = preSolution
		Debug|Any CPU = Debug|Any CPU
		Release|Any CPU = Release|Any CPU
	EndGlobalSection
	GlobalSection(SolutionProperties) = preSolution
		HideSolutionNode = FALSE
	EndGlobalSection
	GlobalSection(ProjectConfigurationPlatforms) = postSolution
		{E961F444-1F9B-4C4F-A618-671E9DA0CDF6}.Debug|Any CPU.ActiveCfg = Debug|Any CPU
		{E961F444-1F9B-4C4F-A618-671E9DA0CDF6}.Debug|Any CPU.Build.0 = Debug|Any CPU
		{E961F444-1F9B-4C4F-A618-671E9DA0CDF6}.Release|Any CPU.ActiveCfg = Release|Any CPU
		{E961F444-1F9B-4C4F-A618-671E9DA0CDF6}.Release|Any CPU.Build.0 = Release|Any CPU
		{A0C91EDE-D0A5-4F1E-96C6-7044BF12FF5D}.Debug|Any CPU.ActiveCfg = Debug|Any CPU
		{A0C91EDE-D0A5-4F1E-96C6-7044BF12FF5D}.Debug|Any CPU.Build.0 = Debug|Any CPU
		{A0C91EDE-D0A5-4F1E-96C6-7044BF12FF5D}.Release|Any CPU.ActiveCfg = Release|Any CPU
		{A0C91EDE-D0A5-4F1E-96C6-7044BF12FF5D}.Release|Any CPU.Build.0 = Release|Any CPU
		{BB515146-6B05-44AE-8414-0E698EBAC8CD}.Debug|Any CPU.ActiveCfg = Debug|Any CPU
		{BB515146-6B05-44AE-8414-0E698EBAC8CD}.Debug|Any CPU.Build.0 = Debug|Any CPU
		{BB515146-6B05-44AE-8414-0E698EBAC8CD}.Release|Any CPU.ActiveCfg = Release|Any CPU
		{BB515146-6B05-44AE-8414-0E698EBAC8CD}.Release|Any CPU.Build.0 = Release|Any CPU
		{75FE8C02-3DAE-41A6-A7B4-2E17F94C1A72}.Debug|Any CPU.ActiveCfg = Debug|Any CPU
		{75FE8C02-3DAE-41A6-A7B4-2E17F94C1A72}.Debug|Any CPU.Build.0 = Debug|Any CPU
		{75FE8C02-3DAE-41A6-A7B4-2E17F94C1A72}.Release|Any CPU.ActiveCfg = Release|Any CPU
		{75FE8C02-3DAE-41A6-A7B4-2E17F94C1A72}.Release|Any CPU.Build.0 = Release|Any CPU
		{696FAC92-9926-4886-95C2-3D5997E96201}.Debug|Any CPU.ActiveCfg = Debug|Any CPU
		{696FAC92-9926-4886-95C2-3D5997E96201}.Debug|Any CPU.Build.0 = Debug|Any CPU
		{696FAC92-9926-4886-95C2-3D5997E96201}.Release|Any CPU.ActiveCfg = Release|Any CPU
		{696FAC92-9926-4886-95C2-3D5997E96201}.Release|Any CPU.Build.0 = Release|Any CPU
		{069FAC53-EE6E-4EAC-A3AC-542DDBD31CDA}.Debug|Any CPU.ActiveCfg = Debug|Any CPU
		{069FAC53-EE6E-4EAC-A3AC-542DDBD31CDA}.Debug|Any CPU.Build.0 = Debug|Any CPU
		{069FAC53-EE6E-4EAC-A3AC-542DDBD31CDA}.Release|Any CPU.ActiveCfg = Release|Any CPU
		{069FAC53-EE6E-4EAC-A3AC-542DDBD31CDA}.Release|Any CPU.Build.0 = Release|Any CPU
		{5ED6B665-5226-4C8C-A091-A3828A3F9332}.Debug|Any CPU.ActiveCfg = Debug|Any CPU
		{5ED6B665-5226-4C8C-A091-A3828A3F9332}.Debug|Any CPU.Build.0 = Debug|Any CPU
		{5ED6B665-5226-4C8C-A091-A3828A3F9332}.Release|Any CPU.ActiveCfg = Release|Any CPU
		{5ED6B665-5226-4C8C-A091-A3828A3F9332}.Release|Any CPU.Build.0 = Release|Any CPU
		{27B13046-81EC-45F9-8E98-00C81123D6F0}.Debug|Any CPU.ActiveCfg = Debug|Any CPU
		{27B13046-81EC-45F9-8E98-00C81123D6F0}.Debug|Any CPU.Build.0 = Debug|Any CPU
		{27B13046-81EC-45F9-8E98-00C81123D6F0}.Release|Any CPU.ActiveCfg = Release|Any CPU
		{27B13046-81EC-45F9-8E98-00C81123D6F0}.Release|Any CPU.Build.0 = Release|Any CPU
		{A5B926D6-E840-42C0-BF31-168C1D1620B5}.Debug|Any CPU.ActiveCfg = Debug|Any CPU
		{A5B926D6-E840-42C0-BF31-168C1D1620B5}.Debug|Any CPU.Build.0 = Debug|Any CPU
		{A5B926D6-E840-42C0-BF31-168C1D1620B5}.Release|Any CPU.ActiveCfg = Release|Any CPU
		{A5B926D6-E840-42C0-BF31-168C1D1620B5}.Release|Any CPU.Build.0 = Release|Any CPU
		{7963C2E1-266F-4D28-8B64-34A887BD0FB4}.Debug|Any CPU.ActiveCfg = Debug|Any CPU
		{7963C2E1-266F-4D28-8B64-34A887BD0FB4}.Debug|Any CPU.Build.0 = Debug|Any CPU
		{7963C2E1-266F-4D28-8B64-34A887BD0FB4}.Release|Any CPU.ActiveCfg = Release|Any CPU
		{7963C2E1-266F-4D28-8B64-34A887BD0FB4}.Release|Any CPU.Build.0 = Release|Any CPU
		{AF239C81-33DE-4B17-8BA5-44390B2476F5}.Debug|Any CPU.ActiveCfg = Debug|Any CPU
		{AF239C81-33DE-4B17-8BA5-44390B2476F5}.Debug|Any CPU.Build.0 = Debug|Any CPU
		{AF239C81-33DE-4B17-8BA5-44390B2476F5}.Release|Any CPU.ActiveCfg = Release|Any CPU
		{AF239C81-33DE-4B17-8BA5-44390B2476F5}.Release|Any CPU.Build.0 = Release|Any CPU
		{6B2BB4EF-EC1B-4DEC-AA68-D811C3D81451}.Debug|Any CPU.ActiveCfg = Debug|Any CPU
		{6B2BB4EF-EC1B-4DEC-AA68-D811C3D81451}.Debug|Any CPU.Build.0 = Debug|Any CPU
		{6B2BB4EF-EC1B-4DEC-AA68-D811C3D81451}.Release|Any CPU.ActiveCfg = Release|Any CPU
		{6B2BB4EF-EC1B-4DEC-AA68-D811C3D81451}.Release|Any CPU.Build.0 = Release|Any CPU
	EndGlobalSection
	GlobalSection(NestedProjects) = preSolution
		{E961F444-1F9B-4C4F-A618-671E9DA0CDF6} = {4B15056B-673A-4B77-8EB4-2E8180DDC031}
		{A0C91EDE-D0A5-4F1E-96C6-7044BF12FF5D} = {4B15056B-673A-4B77-8EB4-2E8180DDC031}
		{BB515146-6B05-44AE-8414-0E698EBAC8CD} = {15A123AE-E149-4EED-83ED-FAF31E9A7C57}
		{75FE8C02-3DAE-41A6-A7B4-2E17F94C1A72} = {15A123AE-E149-4EED-83ED-FAF31E9A7C57}
		{696FAC92-9926-4886-95C2-3D5997E96201} = {5D53F239-9BD4-4DEE-A625-108EDB71360A}
		{069FAC53-EE6E-4EAC-A3AC-542DDBD31CDA} = {5D53F239-9BD4-4DEE-A625-108EDB71360A}
		{5ED6B665-5226-4C8C-A091-A3828A3F9332} = {9819EBE4-811C-4059-9450-D96AF871352E}
		{27B13046-81EC-45F9-8E98-00C81123D6F0} = {9819EBE4-811C-4059-9450-D96AF871352E}
		{A5B926D6-E840-42C0-BF31-168C1D1620B5} = {020FCB84-BEE5-434E-BE70-CB26FC953167}
		{7963C2E1-266F-4D28-8B64-34A887BD0FB4} = {020FCB84-BEE5-434E-BE70-CB26FC953167}
		{AF239C81-33DE-4B17-8BA5-44390B2476F5} = {85998798-8224-4417-B20C-381147DCA9BA}
		{6B2BB4EF-EC1B-4DEC-AA68-D811C3D81451} = {85998798-8224-4417-B20C-381147DCA9BA}
	EndGlobalSection
EndGlobal
